{
  "name": "visual-algebra",
  "version": "0.1.0",
  "lockfileVersion": 1,
  "requires": true,
  "dependencies": {
    "p5": {
      "version": "0.7.3",
      "resolved": "https://registry.npmjs.org/p5/-/p5-0.7.3.tgz",
      "integrity": "sha512-Ap0Op/YlbqlBe9BEkpislygOKcID9+i6lbGHcUY/QkgZl21+Jy0GPpw+bLjgURk/wlloLcXGnUDpuGsP0xsx2Q=="
    }
  }
}
